<?xml version="1.0" encoding="UTF-8" standalone="yes" ?>
<CodeBlocks_project_file>
	<FileVersion major="1" minor="6" />
	<Project>
		<Option title="oml" />
		<Option pch_mode="2" />
		<Option compiler="gcc" />
		<Build>
			<Target title="Debug">
				<Option output="../Debug/oml" prefix_auto="1" extension_auto="1" />
				<Option working_dir="" />
				<Option object_output="obj/Debug/" />
				<Option type="2" />
				<Option compiler="gcc" />
				<Option createDefFile="1" />
				<Compiler>
					<Add option="-Wall" />
					<Add option="-g" />
					<Add option="-DDEBUG" />
				</Compiler>
				<Linker>
					<Add library="user32" />
				</Linker>
			</Target>
			<Target title="Release">
				<Option output="../Release/oml" prefix_auto="1" extension_auto="1" />
				<Option working_dir="" />
				<Option object_output="obj/Release/" />
				<Option type="2" />
				<Option compiler="gcc" />
				<Option createDefFile="1" />
				<Compiler>
					<Add option="-O2" />
					<Add option="-Wall" />
					<Add option="-pg" />
					<Add option="-DNDEBUG" />
				</Compiler>
				<Linker>
					<Add option="-pg" />
					<Add library="user32" />
				</Linker>
			</Target>
		</Build>
		<Compiler>
			<Add option="-std=c++17" />
			<Add option="-pg" />
			<Add option="-fPIC" />
			<Add directory="./include" />
			<Add directory="./" />
		</Compiler>
		<Linker>
			<Add option="-pg" />
		</Linker>
		<Unit filename="include/oml/cnumeric.h" />
		<Unit filename="include/oml/diagonalmatrix.h" />
		<Unit filename="include/oml/imp/binio.h" />
		<Unit filename="include/oml/imp/binop.h" />
		<Unit filename="include/oml/imp/cow.h" />
		<Unit filename="include/oml/imp/index_t.h" />
		<Unit filename="include/oml/imp/indexable.h" />
		<Unit filename="include/oml/imp/indexable_base.h" />
		<Unit filename="include/oml/imp/indexsort.h" />
		<Unit filename="include/oml/imp/isnan.h" />
		<Unit filename="include/oml/imp/iterable.h" />
		<Unit filename="include/oml/imp/iterable_io.h" />
		<Unit filename="include/oml/imp/matindex.h" />
		<Unit filename="include/oml/imp/matlimit.h" />
		<Unit filename="include/oml/imp/matrixalg.h" />
		<Unit filename="include/oml/imp/matrixbase.h" />
		<Unit filename="include/oml/imp/matsub.ci" />
		<Unit filename="include/oml/imp/matsub.h" />
		<Unit filename="include/oml/imp/memops.h" />
		<Unit filename="include/oml/imp/minmax.h" />
		<Unit filename="include/oml/imp/mixtypes.h" />
		<Unit filename="include/oml/imp/ran250.h" />
		<Unit filename="include/oml/imp/rowcol.h" />
		<Unit filename="include/oml/imp/shape.h" />
		<Unit filename="include/oml/imp/smatindex.h" />
		<Unit filename="include/oml/imp/stream.h" />
		<Unit filename="include/oml/imp/submatrix.h" />
		<Unit filename="include/oml/imp/subvector.h" />
		<Unit filename="include/oml/imp/tstream.h" />
		<Unit filename="include/oml/imp/unop.h" />
		<Unit filename="include/oml/imp/vecindex.h" />
		<Unit filename="include/oml/imp/veclimit.h" />
		<Unit filename="include/oml/imp/xpr.h" />
		<Unit filename="include/oml/matrix.h" />
		<Unit filename="include/oml/numeric.h" />
		<Unit filename="include/oml/numeric/lusolver.h" />
		<Unit filename="include/oml/numeric/svsolver.h" />
		<Unit filename="include/oml/random.h" />
		<Unit filename="include/oml/smatrix.h" />
		<Unit filename="include/oml/vector.h" />
		<Unit filename="src/CNumericsDoubleDMatrix.cpp" />
		<Unit filename="src/InstanceComplex1.cpp" />
		<Unit filename="src/InstanceComplex2.cpp">
			<Option compile="0" />
		</Unit>
		<Unit filename="src/InstanceComplex4.cpp">
			<Option compile="0" />
		</Unit>
		<Unit filename="src/InstanceDouble1.cpp" />
		<Unit filename="src/InstanceDouble2.cpp">
			<Option compile="0" />
		</Unit>
		<Unit filename="src/InstanceDouble4.cpp">
			<Option compile="0" />
		</Unit>
		<Unit filename="src/NumericsDouble.cpp" />
		<Unit filename="src/NumericsDoubleDMatrix.cpp" />
		<Unit filename="src/cnumeric/SVD.f" />
		<Unit filename="src/cnumeric/ch.cc">
			<Option compile="0" />
			<Option link="0" />
		</Unit>
		<Unit filename="src/cnumeric/epsilon.cc" />
		<Unit filename="src/cnumeric/htribk.cc">
			<Option compile="0" />
			<Option link="0" />
		</Unit>
		<Unit filename="src/cnumeric/htridi.cc">
			<Option compile="0" />
			<Option link="0" />
		</Unit>
		<Unit filename="src/cnumeric/tql2.cc">
			<Option compile="0" />
			<Option link="0" />
		</Unit>
		<Unit filename="src/cnumeric/tqlrat.cc">
			<Option compile="0" />
			<Option link="0" />
		</Unit>
		<Unit filename="src/dmatrix.cc">
			<Option compile="0" />
			<Option link="0" />
		</Unit>
		<Unit filename="src/matlimit.cc" />
		<Unit filename="src/ran250.cc" />
		<Unit filename="src/stream.cc" />
		<Unit filename="src/veclimit.cc" />
		<Unit filename="src/vector.cc">
			<Option compile="0" />
			<Option link="0" />
		</Unit>
		<Extensions />
	</Project>
</CodeBlocks_project_file>
