<?xml version="1.0" encoding="UTF-8" standalone="yes" ?>
<CodeBlocks_project_file>
	<FileVersion major="1" minor="6" />
	<Project>
		<Option title="oml" />
		<Option pch_mode="2" />
		<Option compiler="gcc" />
		<Build>
			<Target title="Debug">
				<Option output="../Debug/oml" prefix_auto="1" extension_auto="1" />
				<Option working_dir="" />
				<Option object_output="obj/Debug/" />
				<Option type="2" />
				<Option compiler="gcc" />
				<Option createDefFile="1" />
				<Compiler>
					<Add option="-Wall" />
					<Add option="-g" />
					<Add option="-DDEBUG" />
				</Compiler>
				<Linker>
					<Add library="user32" />
				</Linker>
			</Target>
			<Target title="Release">
				<Option output="../Release/oml" prefix_auto="1" extension_auto="1" />
				<Option working_dir="" />
				<Option object_output="obj/Release/" />
				<Option type="2" />
				<Option compiler="gcc" />
				<Option createDefFile="1" />
				<Compiler>
					<Add option="-O2" />
					<Add option="-Wall" />
					<Add option="-pg" />
					<Add option="-DNDEBUG" />
				</Compiler>
				<Linker>
					<Add option="-pg" />
					<Add library="user32" />
				</Linker>
			</Target>
		</Build>
		<Compiler>
			<Add option="-pg" />
			<Add option="-fPIC" />
			<Add directory="./include" />
			<Add directory="./" />
		</Compiler>
		<Linker>
			<Add option="-pg" />
		</Linker>
		<Unit filename="include/oml/cnumeric.h" />
		<Unit filename="include/oml/diagonalmatrix.h" />
		<Unit filename="include/oml/imp/arrindex.h" />
		<Unit filename="include/oml/imp/binio.h" />
		<Unit filename="include/oml/imp/binop.h" />
		<Unit filename="include/oml/imp/cow.h" />
		<Unit filename="include/oml/imp/index_t.h" />
		<Unit filename="include/oml/imp/indexable.h" />
		<Unit filename="include/oml/imp/indexable_base.h" />
		<Unit filename="include/oml/imp/indexsort.h" />
		<Unit filename="include/oml/imp/matindex.h" />
		<Unit filename="include/oml/imp/matlimit.h" />
		<Unit filename="include/oml/imp/matrixalg.h" />
		<Unit filename="include/oml/imp/matrixbase.h" />
		<Unit filename="include/oml/imp/matsub.h" />
		<Unit filename="include/oml/imp/memops.h" />
		<Unit filename="include/oml/imp/minmax.h" />
		<Unit filename="include/oml/imp/mixtypes.h" />
		<Unit filename="include/oml/imp/ran250.h" />
		<Unit filename="include/oml/imp/rowcol.h" />
		<Unit filename="include/oml/imp/shape.h" />
		<Unit filename="include/oml/imp/smatindex.h" />
		<Unit filename="include/oml/imp/stream.h" />
		<Unit filename="include/oml/imp/submatrix.h" />
		<Unit filename="include/oml/imp/subvector.h" />
		<Unit filename="include/oml/imp/tstream.h" />
		<Unit filename="include/oml/imp/unop.h" />
		<Unit filename="include/oml/imp/vecindex.h" />
		<Unit filename="include/oml/imp/veclimit.h" />
		<Unit filename="include/oml/imp/xpr.h" />
		<Unit filename="include/oml/matrix.h" />
		<Unit filename="include/oml/numeric.h" />
		<Unit filename="include/oml/numeric/lusolver.h" />
		<Unit filename="include/oml/numeric/svsolver.h" />
		<Unit filename="include/oml/random.h" />
		<Unit filename="include/oml/smatrix.h" />
		<Unit filename="include/oml/vector.h" />
		<Unit filename="src/cnumeric/SVD.f" />
		<Unit filename="src/cnumeric/ch.cpp">
			<Option compile="0" />
			<Option link="0" />
		</Unit>
		<Unit filename="src/cnumeric/epsilon.cpp">
			<Option compile="0" />
			<Option link="0" />
		</Unit>
		<Unit filename="src/cnumeric/htribk.cpp">
			<Option compile="0" />
			<Option link="0" />
		</Unit>
		<Unit filename="src/cnumeric/htridi.cpp">
			<Option compile="0" />
			<Option link="0" />
		</Unit>
		<Unit filename="src/cnumeric/tql2.cpp">
			<Option compile="0" />
			<Option link="0" />
		</Unit>
		<Unit filename="src/cnumeric/tqlrat.cpp">
			<Option compile="0" />
			<Option link="0" />
		</Unit>
		<Unit filename="src/diagonalmatrix.cpp">
			<Option compile="0" />
			<Option link="0" />
		</Unit>
		<Unit filename="src/instance_complex.cpp" />
		<Unit filename="src/instance_double.cpp" />
		<Unit filename="src/linear_algebra_complex.cpp" />
		<Unit filename="src/linear_algebra_double.cpp" />
		<Unit filename="src/matlimit.cpp" />
		<Unit filename="src/matrix.cpp">
			<Option compile="0" />
			<Option link="0" />
		</Unit>
		<Unit filename="src/numeric/cholsky.cpp">
			<Option compile="0" />
			<Option link="0" />
		</Unit>
		<Unit filename="src/numeric/eigsort.cpp">
			<Option compile="0" />
			<Option link="0" />
		</Unit>
		<Unit filename="src/numeric/gaussj.cpp">
			<Option compile="0" />
			<Option link="0" />
		</Unit>
		<Unit filename="src/numeric/invmat.cpp">
			<Option compile="0" />
			<Option link="0" />
		</Unit>
		<Unit filename="src/numeric/invtri.cpp">
			<Option compile="0" />
			<Option link="0" />
		</Unit>
		<Unit filename="src/numeric/lubksb.cpp">
			<Option compile="0" />
			<Option link="0" />
		</Unit>
		<Unit filename="src/numeric/lubksbm.cpp">
			<Option compile="0" />
			<Option link="0" />
		</Unit>
		<Unit filename="src/numeric/ludcmp.cpp">
			<Option compile="0" />
			<Option link="0" />
		</Unit>
		<Unit filename="src/numeric/lusolver.cpp">
			<Option compile="0" />
			<Option link="0" />
		</Unit>
		<Unit filename="src/numeric/qldecomp.cpp">
			<Option compile="0" />
			<Option link="0" />
		</Unit>
		<Unit filename="src/numeric/solvetri.cpp">
			<Option compile="0" />
			<Option link="0" />
		</Unit>
		<Unit filename="src/numeric/svbksb.cpp">
			<Option compile="0" />
			<Option link="0" />
		</Unit>
		<Unit filename="src/numeric/svdcmp.cpp">
			<Option compile="0" />
			<Option link="0" />
		</Unit>
		<Unit filename="src/numeric/svsolver.cpp">
			<Option compile="0" />
			<Option link="0" />
		</Unit>
		<Unit filename="src/numeric/tridiag.cpp">
			<Option compile="0" />
			<Option link="0" />
		</Unit>
		<Unit filename="src/ran250.cpp" />
		<Unit filename="src/smatrix.cpp">
			<Option compile="0" />
			<Option link="0" />
		</Unit>
		<Unit filename="src/stream.cpp" />
		<Unit filename="src/veclimit.cpp" />
		<Unit filename="src/vector.cpp">
			<Option compile="0" />
			<Option link="0" />
		</Unit>
		<Extensions />
	</Project>
</CodeBlocks_project_file>
