<?xml version="1.0" encoding="UTF-8" standalone="yes" ?>
<CodeBlocks_project_file>
	<FileVersion major="1" minor="6" />
	<Project>
		<Option title="omlUnitTests" />
		<Option pch_mode="2" />
		<Option compiler="gcc" />
		<Build>
			<Target title="Debug">
				<Option output="./UTDebug" prefix_auto="1" extension_auto="1" />
				<Option object_output="obj/Debug/" />
				<Option type="1" />
				<Option compiler="gcc" />
				<Compiler>
					<Add option="-g" />
					<Add option="-DDEBUG" />
				</Compiler>
				<Linker>
					<Add library="../../../../usr/local/lib/libgtest.a" />
					<Add directory="../Debug" />
					<Add directory="../../../../usr/local/lib" />
				</Linker>
			</Target>
			<Target title="Release">
				<Option output="./UTRelease" prefix_auto="1" extension_auto="1" />
				<Option object_output="obj/Debug/" />
				<Option type="1" />
				<Option compiler="gcc" />
				<Compiler>
					<Add option="-O2" />
				</Compiler>
				<Linker>
					<Add directory="../Release" />
					<Add directory="../../../../usr/local/lib" />
				</Linker>
			</Target>
		</Build>
		<VirtualTargets>
			<Add alias="all" targets="Debug;Release;" />
		</VirtualTargets>
		<Compiler>
			<Add directory="../" />
		</Compiler>
		<Linker>
			<Add library="oml" />
			<Add library="gtest" />
			<Add library="pthread" />
			<Add directory="../Debug" />
			<Add directory="/usr/local/lib" />
		</Linker>
		<Unit filename="UnitTests/UT-Array-double.cc" />
		<Unit filename="UnitTests/UT-Array-int.cc" />
		<Unit filename="UnitTests/UT-DMatrix-double.cc" />
		<Unit filename="UnitTests/UT-Eigen-double.cc" />
		<Unit filename="UnitTests/UT-List-double.cc" />
		<Unit filename="UnitTests/UT-List-int.cc" />
		<Unit filename="UnitTests/UT-Matrix-double.cc" />
		<Unit filename="UnitTests/UT-Matrix3D-double.cc" />
		<Unit filename="UnitTests/UT-Matrix3D.cc" />
		<Unit filename="UnitTests/UT-Random-double.cc" />
		<Unit filename="UnitTests/UT-SMatrix-double.cc" />
		<Unit filename="UnitTests/UT-SolveTriDiagonal.cc" />
		<Unit filename="UnitTests/UT-SubMatrix-double.cc" />
		<Unit filename="UnitTests/UT-Vector-double.cc" />
		<Unit filename="UnitTests/UT-Vector-int.cc" />
		<Unit filename="UnitTests/UT-Vector3D-double.cc" />
		<Unit filename="UnitTests/UT-Vector3D.cc" />
		<Unit filename="UnitTests/UT-cow-array-int.cc" />
		<Unit filename="UnitTests/UnitTest.H" />
		<Unit filename="UnitTests/UnitTest.cc" />
		<Unit filename="UnitTests/main.cc" />
		<Extensions>
			<code_completion />
			<envvars />
			<debugger />
			<lib_finder disable_auto="1" />
		</Extensions>
	</Project>
</CodeBlocks_project_file>
